
Microsoft Visual Studio Solution File, Format Version 12.00
# Visual Studio 15
Project("{FAE04EC0-301F-11D3-BF4B-00C04F79EFBC}") = "Assembly-CSharp", "Assembly-CSharp.csproj", "{96B14E89-1CF0-B8B7-D436-9F570200C611}"
EndProject
Project("{FAE04EC0-301F-11D3-BF4B-00C04F79EFBC}") = "Assembly-CSharp-firstpass", "Assembly-CSharp-firstpass.csproj", "{1A019734-F029-24C8-090F-864AB5BD0FEE}"
EndProject
Project("{FAE04EC0-301F-11D3-BF4B-00C04F79EFBC}") = "Assembly-CSharp-Editor-firstpass", "Assembly-CSharp-Editor-firstpass.csproj", "{8E54FF91-08CB-A54E-7276-26FFB17E47B4}"
EndProject
Global
	GlobalSection(SolutionConfigurationPlatforms) = preSolution
		Debug|Any CPU = Debug|Any CPU
		Release|Any CPU = Release|Any CPU
	EndGlobalSection
	GlobalSection(ProjectConfigurationPlatforms) = postSolution
		{96B14E89-1CF0-B8B7-D436-9F570200C611}.Debug|Any CPU.ActiveCfg = Debug|Any CPU
		{96B14E89-1CF0-B8B7-D436-9F570200C611}.Debug|Any CPU.Build.0 = Debug|Any CPU
		{96B14E89-1CF0-B8B7-D436-9F570200C611}.Release|Any CPU.ActiveCfg = Release|Any CPU
		{96B14E89-1CF0-B8B7-D436-9F570200C611}.Release|Any CPU.Build.0 = Release|Any CPU
		{1A019734-F029-24C8-090F-864AB5BD0FEE}.Debug|Any CPU.ActiveCfg = Debug|Any CPU
		{1A019734-F029-24C8-090F-864AB5BD0FEE}.Debug|Any CPU.Build.0 = Debug|Any CPU
		{1A019734-F029-24C8-090F-864AB5BD0FEE}.Release|Any CPU.ActiveCfg = Release|Any CPU
		{1A019734-F029-24C8-090F-864AB5BD0FEE}.Release|Any CPU.Build.0 = Release|Any CPU
		{8E54FF91-08CB-A54E-7276-26FFB17E47B4}.Debug|Any CPU.ActiveCfg = Debug|Any CPU
		{8E54FF91-08CB-A54E-7276-26FFB17E47B4}.Debug|Any CPU.Build.0 = Debug|Any CPU
		{8E54FF91-08CB-A54E-7276-26FFB17E47B4}.Release|Any CPU.ActiveCfg = Release|Any CPU
		{8E54FF91-08CB-A54E-7276-26FFB17E47B4}.Release|Any CPU.Build.0 = Release|Any CPU
	EndGlobalSection
	GlobalSection(SolutionProperties) = preSolution
		HideSolutionNode = FALSE
	EndGlobalSection
EndGlobal
